
Microsoft Visual Studio Solution File, Format Version 10.00
# Visual Studio 2008
Project("{8BC9CEB8-8B4A-11D0-8D11-00A0C91BC942}") = "D3D9Render", "D3D9Render\D3D9Render.vcproj", "{93AD0DE0-6F9D-4976-BB07-99B3C1463333}"
EndProject
Project("{8BC9CEB8-8B4A-11D0-8D11-00A0C91BC942}") = "EffNegative", "EffNegative\EffNegative.vcproj", "{3308018F-008C-4A3F-8E50-3788E74E976D}"
EndProject
Project("{8BC9CEB8-8B4A-11D0-8D11-00A0C91BC942}") = "TestClient", "TestClient\TestClient.vcproj", "{0897C5DF-0987-46E9-9750-4095F00B6FE1}"
EndProject
Project("{8BC9CEB8-8B4A-11D0-8D11-00A0C91BC942}") = "Utility", "Utility\Utility.vcproj", "{739DB65F-C89F-45FF-9690-AB025CA7DBF9}"
EndProject
Project("{8BC9CEB8-8B4A-11D0-8D11-00A0C91BC942}") = "VideoEffect", "VideoEffect\VideoEffect.vcproj", "{E740E006-6110-43A0-B557-028DEE6BA19D}"
EndProject
Global
	GlobalSection(SolutionConfigurationPlatforms) = preSolution
		Debug|Win32 = Debug|Win32
		Release|Win32 = Release|Win32
	EndGlobalSection
	GlobalSection(ProjectConfigurationPlatforms) = postSolution
		{93AD0DE0-6F9D-4976-BB07-99B3C1463333}.Debug|Win32.ActiveCfg = Debug|Win32
		{93AD0DE0-6F9D-4976-BB07-99B3C1463333}.Debug|Win32.Build.0 = Debug|Win32
		{93AD0DE0-6F9D-4976-BB07-99B3C1463333}.Release|Win32.ActiveCfg = Release|Win32
		{93AD0DE0-6F9D-4976-BB07-99B3C1463333}.Release|Win32.Build.0 = Release|Win32
		{3308018F-008C-4A3F-8E50-3788E74E976D}.Debug|Win32.ActiveCfg = Debug|Win32
		{3308018F-008C-4A3F-8E50-3788E74E976D}.Debug|Win32.Build.0 = Debug|Win32
		{3308018F-008C-4A3F-8E50-3788E74E976D}.Release|Win32.ActiveCfg = Release|Win32
		{3308018F-008C-4A3F-8E50-3788E74E976D}.Release|Win32.Build.0 = Release|Win32
		{0897C5DF-0987-46E9-9750-4095F00B6FE1}.Debug|Win32.ActiveCfg = Debug|Win32
		{0897C5DF-0987-46E9-9750-4095F00B6FE1}.Debug|Win32.Build.0 = Debug|Win32
		{0897C5DF-0987-46E9-9750-4095F00B6FE1}.Release|Win32.ActiveCfg = Release|Win32
		{0897C5DF-0987-46E9-9750-4095F00B6FE1}.Release|Win32.Build.0 = Release|Win32
		{739DB65F-C89F-45FF-9690-AB025CA7DBF9}.Debug|Win32.ActiveCfg = Debug|Win32
		{739DB65F-C89F-45FF-9690-AB025CA7DBF9}.Debug|Win32.Build.0 = Debug|Win32
		{739DB65F-C89F-45FF-9690-AB025CA7DBF9}.Release|Win32.ActiveCfg = Release|Win32
		{739DB65F-C89F-45FF-9690-AB025CA7DBF9}.Release|Win32.Build.0 = Release|Win32
		{E740E006-6110-43A0-B557-028DEE6BA19D}.Debug|Win32.ActiveCfg = Debug|Win32
		{E740E006-6110-43A0-B557-028DEE6BA19D}.Debug|Win32.Build.0 = Debug|Win32
		{E740E006-6110-43A0-B557-028DEE6BA19D}.Release|Win32.ActiveCfg = Release|Win32
		{E740E006-6110-43A0-B557-028DEE6BA19D}.Release|Win32.Build.0 = Release|Win32
	EndGlobalSection
	GlobalSection(SolutionProperties) = preSolution
		HideSolutionNode = FALSE
	EndGlobalSection
EndGlobal
