
Microsoft Visual Studio Solution File, Format Version 10.00
# Visual Studio 2008
Project("{8BC9CEB8-8B4A-11D0-8D11-00A0C91BC942}") = "D3D9Render", "D3D9Render\D3D9Render.vcproj", "{93AD0DE0-6F9D-4976-BB07-99B3C1463333}"
EndProject
Project("{8BC9CEB8-8B4A-11D0-8D11-00A0C91BC942}") = "EffNegative", "EffNegative\EffNegative.vcproj", "{3308018F-008C-4A3F-8E50-3788E74E976D}"
EndProject
Project("{8BC9CEB8-8B4A-11D0-8D11-00A0C91BC942}") = "TestClient", "TestClient\TestClient.vcproj", "{0897C5DF-0987-46E9-9750-4095F00B6FE1}"
EndProject
Project("{8BC9CEB8-8B4A-11D0-8D11-00A0C91BC942}") = "Utility", "Utility\Utility.vcproj", "{739DB65F-C89F-45FF-9690-AB025CA7DBF9}"
EndProject
Project("{8BC9CEB8-8B4A-11D0-8D11-00A0C91BC942}") = "VideoEffect", "VideoEffect\VideoEffect.vcproj", "{E740E006-6110-43A0-B557-028DEE6BA19D}"
EndProject
Project("{8BC9CEB8-8B4A-11D0-8D11-00A0C91BC942}") = "EffColorKey", "EffColorKey\EffColorKey.vcproj", "{9C09434E-7AD7-4AFD-A28C-FD4A5C37316E}"
EndProject
Project("{8BC9CEB8-8B4A-11D0-8D11-00A0C91BC942}") = "EffAmoebaWipeTrans", "EffAmoebaWipeTrans\EffAmoebaWipeTrans.vcproj", "{C2BDC561-6BE5-4949-B15F-4BFFFFF6C626}"
EndProject
Project("{8BC9CEB8-8B4A-11D0-8D11-00A0C91BC942}") = "SonyBlur", "SonyBlur\SonyBlur.vcproj", "{28113454-E158-4135-BB89-298A1C09BB0E}"
EndProject
Project("{8BC9CEB8-8B4A-11D0-8D11-00A0C91BC942}") = "EffPush", "EffPush\EffPush.vcproj", "{F2C49BAF-F5E8-483C-8A41-DCB7BDF99B2D}"
EndProject
Project("{8BC9CEB8-8B4A-11D0-8D11-00A0C91BC942}") = "SonySlide", "SonySlide\SonySlide.vcproj", "{00F3B508-F9A8-47DA-9A2B-375D9ACA1F0B}"
EndProject
Project("{8BC9CEB8-8B4A-11D0-8D11-00A0C91BC942}") = "EffChromaKey", "EffChromaKey\EffChromaKey.vcproj", "{03AB2445-1468-4F52-8B33-F0CDE4D20D78}"
EndProject
Project("{8BC9CEB8-8B4A-11D0-8D11-00A0C91BC942}") = "EffSonyMask", "EffSonyMask\EffSonyMask.vcproj", "{19D5E421-1870-4C5F-BBD1-2E68C0248AAE}"
EndProject
Project("{8BC9CEB8-8B4A-11D0-8D11-00A0C91BC942}") = "EffPageRollTrans", "EffPageRoll\EffPageRoll.vcproj", "{6E2278E6-9BDB-47D2-98C8-A640BFC7E8EA}"
EndProject
Project("{8BC9CEB8-8B4A-11D0-8D11-00A0C91BC942}") = "EffQuadPageRollTrans", "EffQuadPageRollTrans\EffQuadPageRollTrans.vcproj", "{F1B471E0-BEA6-40B5-9414-2C9FA8756271}"
EndProject
Project("{8BC9CEB8-8B4A-11D0-8D11-00A0C91BC942}") = "SonyDME3DTransform", "SonyDME3DTransform\SonyDME3DTransform.vcproj", "{EC561354-1224-4742-AE42-38CA5AE42320}"
EndProject
Project("{8BC9CEB8-8B4A-11D0-8D11-00A0C91BC942}") = "EffRings", "EffRings\EffRings.vcproj", "{8D177966-EC73-4C0C-84C8-E409258F14F5}"
EndProject
Project("{8BC9CEB8-8B4A-11D0-8D11-00A0C91BC942}") = "Eff3DCubeTrans", "Eff3DCubeTrans\Eff3DCubeTrans.vcproj", "{45ADC5D5-B7AC-43C5-A114-5DDACBB7EC08}"
EndProject
Project("{8BC9CEB8-8B4A-11D0-8D11-00A0C91BC942}") = "BufferColorConvertor", "BufferColorConvertor\BufferColorConvertor.vcproj", "{FB4E5563-29CD-4780-8518-68962D43EF33}"
EndProject
Project("{8BC9CEB8-8B4A-11D0-8D11-00A0C91BC942}") = "EffMatrixWipeTrans", "EffMatrixWipeTrans\EffMatrixWipeTrans.vcproj", "{B0D7DD53-F02C-4270-A62A-62A5209B3B97}"
EndProject
Project("{8BC9CEB8-8B4A-11D0-8D11-00A0C91BC942}") = "EffSonyPinP", "EffSonyPinP\EffSonyPinP.vcproj", "{66B6CD60-FFAB-4E2B-97A9-16183748BF77}"
EndProject
Project("{8BC9CEB8-8B4A-11D0-8D11-00A0C91BC942}") = "SonyFilter", "SonyFilter\SonyFilter.vcproj", "{B987B948-559E-491D-ACCB-09C88820A675}"
EndProject
Project("{8BC9CEB8-8B4A-11D0-8D11-00A0C91BC942}") = "EffDiffuseWipe", "EffDiffuseWipe\EffDiffuseWipe.vcproj", "{5F47538A-8631-4D82-82A8-5CEF9850AA24}"
EndProject
Project("{8BC9CEB8-8B4A-11D0-8D11-00A0C91BC942}") = "Sony3DBrokenGlass", "Sony3DBrokenGlass\Sony3DBrokenGlass.vcproj", "{C5D64DE7-EFFE-4975-AB44-0BAD646E804D}"
EndProject
Project("{8BC9CEB8-8B4A-11D0-8D11-00A0C91BC942}") = "EffSonyBarnSlide", "EffSonyBarnSlide\EffSonyBarnSlide.vcproj", "{BF8D4426-38EE-4D2E-980A-A685595CF711}"
EndProject
Project("{8BC9CEB8-8B4A-11D0-8D11-00A0C91BC942}") = "EffBrokenGlass", "EffBrokenGlass\EffBrokenGlass.vcproj", "{4BA3B749-2C6A-4B1F-ACCC-ED63D48E9F6E}"
EndProject
Project("{8BC9CEB8-8B4A-11D0-8D11-00A0C91BC942}") = "EffDissolve", "EffDissolve\EffDissolve.vcproj", "{2F47C18D-C823-4826-A24A-13713543C659}"
EndProject
Project("{8BC9CEB8-8B4A-11D0-8D11-00A0C91BC942}") = "EffBarmWipeTrans", "EffBarmWipeTrans\EffBarmWipeTrans.vcproj", "{AF9FF148-E429-4B63-A790-6A07DD18ED07}"
EndProject
Project("{8BC9CEB8-8B4A-11D0-8D11-00A0C91BC942}") = "EffSonyFadeFromTo", "EffSonyFadeFromTo\EffSonyFadeFromTo.vcproj", "{3796AC7D-88D2-4A23-A11A-F9AA5313434A}"
EndProject
Project("{8BC9CEB8-8B4A-11D0-8D11-00A0C91BC942}") = "EffPageRotation", "EffPageRotation\EffPageRotation.vcproj", "{349068D7-C84B-4360-9A09-DB4E29BB989C}"
EndProject
Project("{8BC9CEB8-8B4A-11D0-8D11-00A0C91BC942}") = "EffFanWipe", "EffFanWipe\EffFanWipe.vcproj", "{803D6361-401B-426F-B734-CE88E1075E79}"
EndProject
Project("{8BC9CEB8-8B4A-11D0-8D11-00A0C91BC942}") = "EffMultiAxisRotaryWipe", "EffMultiAxisRotaryWipe\EffMultiAxisRotaryWipe.vcproj", "{96F34596-EBBC-482C-9246-021BB0DEB86B}"
EndProject
Project("{8BC9CEB8-8B4A-11D0-8D11-00A0C91BC942}") = "EffRevolvingWipe", "EffRevolvingWipe\EffRevolvingWipe.vcproj", "{EF5A1647-D049-4B1D-B2E4-9D9AE2612680}"
EndProject
Project("{8BC9CEB8-8B4A-11D0-8D11-00A0C91BC942}") = "EffRippleWipe", "EffRippleWipe\EffRippleWipe.vcproj", "{74A2D324-6A68-42C2-84AB-9802BCE995F1}"
EndProject
Project("{8BC9CEB8-8B4A-11D0-8D11-00A0C91BC942}") = "EffDipToColor", "EffDipToColor\EffDipToColor.vcproj", "{4546C276-AF57-4FCA-B266-FB00E0B4E978}"
EndProject
Project("{8BC9CEB8-8B4A-11D0-8D11-00A0C91BC942}") = "Logger", "Logger\Logger.vcproj", "{1B9A854C-74B7-42E1-B7E6-DF9EC761EA4C}"
EndProject
Project("{8BC9CEB8-8B4A-11D0-8D11-00A0C91BC942}") = "Resource", "Resource\Resource.vcproj", "{62B4AB03-1D4B-4286-A46A-B25FD33D1102}"
EndProject
Global
	GlobalSection(SolutionConfigurationPlatforms) = preSolution
		Debug|Pocket PC 2003 (ARMV4) = Debug|Pocket PC 2003 (ARMV4)
		Debug|Win32 = Debug|Win32
		Debug|x64 = Debug|x64
		Release|Pocket PC 2003 (ARMV4) = Release|Pocket PC 2003 (ARMV4)
		Release|Win32 = Release|Win32
		Release|x64 = Release|x64
	EndGlobalSection
	GlobalSection(ProjectConfigurationPlatforms) = postSolution
		{93AD0DE0-6F9D-4976-BB07-99B3C1463333}.Debug|Pocket PC 2003 (ARMV4).ActiveCfg = Debug|x64
		{93AD0DE0-6F9D-4976-BB07-99B3C1463333}.Debug|Win32.ActiveCfg = Debug|Win32
		{93AD0DE0-6F9D-4976-BB07-99B3C1463333}.Debug|Win32.Build.0 = Debug|Win32
		{93AD0DE0-6F9D-4976-BB07-99B3C1463333}.Debug|x64.ActiveCfg = Debug|x64
		{93AD0DE0-6F9D-4976-BB07-99B3C1463333}.Debug|x64.Build.0 = Debug|x64
		{93AD0DE0-6F9D-4976-BB07-99B3C1463333}.Release|Pocket PC 2003 (ARMV4).ActiveCfg = Release|x64
		{93AD0DE0-6F9D-4976-BB07-99B3C1463333}.Release|Win32.ActiveCfg = Release|Win32
		{93AD0DE0-6F9D-4976-BB07-99B3C1463333}.Release|Win32.Build.0 = Release|Win32
		{93AD0DE0-6F9D-4976-BB07-99B3C1463333}.Release|x64.ActiveCfg = Release|x64
		{93AD0DE0-6F9D-4976-BB07-99B3C1463333}.Release|x64.Build.0 = Release|x64
		{3308018F-008C-4A3F-8E50-3788E74E976D}.Debug|Pocket PC 2003 (ARMV4).ActiveCfg = Debug|Win32
		{3308018F-008C-4A3F-8E50-3788E74E976D}.Debug|Win32.ActiveCfg = Debug|Win32
		{3308018F-008C-4A3F-8E50-3788E74E976D}.Debug|Win32.Build.0 = Debug|Win32
		{3308018F-008C-4A3F-8E50-3788E74E976D}.Debug|x64.ActiveCfg = Debug|Win32
		{3308018F-008C-4A3F-8E50-3788E74E976D}.Release|Pocket PC 2003 (ARMV4).ActiveCfg = Release|Win32
		{3308018F-008C-4A3F-8E50-3788E74E976D}.Release|Win32.ActiveCfg = Release|Win32
		{3308018F-008C-4A3F-8E50-3788E74E976D}.Release|Win32.Build.0 = Release|Win32
		{3308018F-008C-4A3F-8E50-3788E74E976D}.Release|x64.ActiveCfg = Release|Win32
		{0897C5DF-0987-46E9-9750-4095F00B6FE1}.Debug|Pocket PC 2003 (ARMV4).ActiveCfg = Debug|x64
		{0897C5DF-0987-46E9-9750-4095F00B6FE1}.Debug|Win32.ActiveCfg = Debug|Win32
		{0897C5DF-0987-46E9-9750-4095F00B6FE1}.Debug|Win32.Build.0 = Debug|Win32
		{0897C5DF-0987-46E9-9750-4095F00B6FE1}.Debug|x64.ActiveCfg = Debug|x64
		{0897C5DF-0987-46E9-9750-4095F00B6FE1}.Debug|x64.Build.0 = Debug|x64
		{0897C5DF-0987-46E9-9750-4095F00B6FE1}.Release|Pocket PC 2003 (ARMV4).ActiveCfg = Release|x64
		{0897C5DF-0987-46E9-9750-4095F00B6FE1}.Release|Win32.ActiveCfg = Release|Win32
		{0897C5DF-0987-46E9-9750-4095F00B6FE1}.Release|Win32.Build.0 = Release|Win32
		{0897C5DF-0987-46E9-9750-4095F00B6FE1}.Release|x64.ActiveCfg = Release|x64
		{0897C5DF-0987-46E9-9750-4095F00B6FE1}.Release|x64.Build.0 = Release|x64
		{739DB65F-C89F-45FF-9690-AB025CA7DBF9}.Debug|Pocket PC 2003 (ARMV4).ActiveCfg = Debug|x64
		{739DB65F-C89F-45FF-9690-AB025CA7DBF9}.Debug|Win32.ActiveCfg = Debug|Win32
		{739DB65F-C89F-45FF-9690-AB025CA7DBF9}.Debug|Win32.Build.0 = Debug|Win32
		{739DB65F-C89F-45FF-9690-AB025CA7DBF9}.Debug|x64.ActiveCfg = Debug|x64
		{739DB65F-C89F-45FF-9690-AB025CA7DBF9}.Debug|x64.Build.0 = Debug|x64
		{739DB65F-C89F-45FF-9690-AB025CA7DBF9}.Release|Pocket PC 2003 (ARMV4).ActiveCfg = Release|x64
		{739DB65F-C89F-45FF-9690-AB025CA7DBF9}.Release|Win32.ActiveCfg = Release|Win32
		{739DB65F-C89F-45FF-9690-AB025CA7DBF9}.Release|Win32.Build.0 = Release|Win32
		{739DB65F-C89F-45FF-9690-AB025CA7DBF9}.Release|x64.ActiveCfg = Release|x64
		{739DB65F-C89F-45FF-9690-AB025CA7DBF9}.Release|x64.Build.0 = Release|x64
		{E740E006-6110-43A0-B557-028DEE6BA19D}.Debug|Pocket PC 2003 (ARMV4).ActiveCfg = Debug|x64
		{E740E006-6110-43A0-B557-028DEE6BA19D}.Debug|Win32.ActiveCfg = Debug|Win32
		{E740E006-6110-43A0-B557-028DEE6BA19D}.Debug|Win32.Build.0 = Debug|Win32
		{E740E006-6110-43A0-B557-028DEE6BA19D}.Debug|x64.ActiveCfg = Debug|x64
		{E740E006-6110-43A0-B557-028DEE6BA19D}.Debug|x64.Build.0 = Debug|x64
		{E740E006-6110-43A0-B557-028DEE6BA19D}.Release|Pocket PC 2003 (ARMV4).ActiveCfg = Release|x64
		{E740E006-6110-43A0-B557-028DEE6BA19D}.Release|Win32.ActiveCfg = Release|Win32
		{E740E006-6110-43A0-B557-028DEE6BA19D}.Release|Win32.Build.0 = Release|Win32
		{E740E006-6110-43A0-B557-028DEE6BA19D}.Release|x64.ActiveCfg = Release|x64
		{E740E006-6110-43A0-B557-028DEE6BA19D}.Release|x64.Build.0 = Release|x64
		{9C09434E-7AD7-4AFD-A28C-FD4A5C37316E}.Debug|Pocket PC 2003 (ARMV4).ActiveCfg = Debug|Win32
		{9C09434E-7AD7-4AFD-A28C-FD4A5C37316E}.Debug|Win32.ActiveCfg = Debug|Win32
		{9C09434E-7AD7-4AFD-A28C-FD4A5C37316E}.Debug|Win32.Build.0 = Debug|Win32
		{9C09434E-7AD7-4AFD-A28C-FD4A5C37316E}.Debug|x64.ActiveCfg = Debug|Win32
		{9C09434E-7AD7-4AFD-A28C-FD4A5C37316E}.Release|Pocket PC 2003 (ARMV4).ActiveCfg = Release|Win32
		{9C09434E-7AD7-4AFD-A28C-FD4A5C37316E}.Release|Win32.ActiveCfg = Release|Win32
		{9C09434E-7AD7-4AFD-A28C-FD4A5C37316E}.Release|Win32.Build.0 = Release|Win32
		{9C09434E-7AD7-4AFD-A28C-FD4A5C37316E}.Release|x64.ActiveCfg = Release|Win32
		{C2BDC561-6BE5-4949-B15F-4BFFFFF6C626}.Debug|Pocket PC 2003 (ARMV4).ActiveCfg = Debug|x64
		{C2BDC561-6BE5-4949-B15F-4BFFFFF6C626}.Debug|Win32.ActiveCfg = Debug|Win32
		{C2BDC561-6BE5-4949-B15F-4BFFFFF6C626}.Debug|Win32.Build.0 = Debug|Win32
		{C2BDC561-6BE5-4949-B15F-4BFFFFF6C626}.Debug|x64.ActiveCfg = Debug|x64
		{C2BDC561-6BE5-4949-B15F-4BFFFFF6C626}.Debug|x64.Build.0 = Debug|x64
		{C2BDC561-6BE5-4949-B15F-4BFFFFF6C626}.Release|Pocket PC 2003 (ARMV4).ActiveCfg = Release|x64
		{C2BDC561-6BE5-4949-B15F-4BFFFFF6C626}.Release|Win32.ActiveCfg = Release|Win32
		{C2BDC561-6BE5-4949-B15F-4BFFFFF6C626}.Release|Win32.Build.0 = Release|Win32
		{C2BDC561-6BE5-4949-B15F-4BFFFFF6C626}.Release|x64.ActiveCfg = Release|x64
		{C2BDC561-6BE5-4949-B15F-4BFFFFF6C626}.Release|x64.Build.0 = Release|x64
		{28113454-E158-4135-BB89-298A1C09BB0E}.Debug|Pocket PC 2003 (ARMV4).ActiveCfg = Debug|x64
		{28113454-E158-4135-BB89-298A1C09BB0E}.Debug|Win32.ActiveCfg = Debug|Win32
		{28113454-E158-4135-BB89-298A1C09BB0E}.Debug|Win32.Build.0 = Debug|Win32
		{28113454-E158-4135-BB89-298A1C09BB0E}.Debug|x64.ActiveCfg = Debug|x64
		{28113454-E158-4135-BB89-298A1C09BB0E}.Debug|x64.Build.0 = Debug|x64
		{28113454-E158-4135-BB89-298A1C09BB0E}.Release|Pocket PC 2003 (ARMV4).ActiveCfg = Release|x64
		{28113454-E158-4135-BB89-298A1C09BB0E}.Release|Win32.ActiveCfg = Release|Win32
		{28113454-E158-4135-BB89-298A1C09BB0E}.Release|Win32.Build.0 = Release|Win32
		{28113454-E158-4135-BB89-298A1C09BB0E}.Release|x64.ActiveCfg = Release|x64
		{28113454-E158-4135-BB89-298A1C09BB0E}.Release|x64.Build.0 = Release|x64
		{F2C49BAF-F5E8-483C-8A41-DCB7BDF99B2D}.Debug|Pocket PC 2003 (ARMV4).ActiveCfg = Debug|Win32
		{F2C49BAF-F5E8-483C-8A41-DCB7BDF99B2D}.Debug|Win32.ActiveCfg = Debug|Win32
		{F2C49BAF-F5E8-483C-8A41-DCB7BDF99B2D}.Debug|Win32.Build.0 = Debug|Win32
		{F2C49BAF-F5E8-483C-8A41-DCB7BDF99B2D}.Debug|x64.ActiveCfg = Debug|Win32
		{F2C49BAF-F5E8-483C-8A41-DCB7BDF99B2D}.Release|Pocket PC 2003 (ARMV4).ActiveCfg = Release|Win32
		{F2C49BAF-F5E8-483C-8A41-DCB7BDF99B2D}.Release|Win32.ActiveCfg = Release|Win32
		{F2C49BAF-F5E8-483C-8A41-DCB7BDF99B2D}.Release|Win32.Build.0 = Release|Win32
		{F2C49BAF-F5E8-483C-8A41-DCB7BDF99B2D}.Release|x64.ActiveCfg = Release|Win32
		{00F3B508-F9A8-47DA-9A2B-375D9ACA1F0B}.Debug|Pocket PC 2003 (ARMV4).ActiveCfg = Debug|Win32
		{00F3B508-F9A8-47DA-9A2B-375D9ACA1F0B}.Debug|Win32.ActiveCfg = Debug|Win32
		{00F3B508-F9A8-47DA-9A2B-375D9ACA1F0B}.Debug|Win32.Build.0 = Debug|Win32
		{00F3B508-F9A8-47DA-9A2B-375D9ACA1F0B}.Debug|x64.ActiveCfg = Debug|Win32
		{00F3B508-F9A8-47DA-9A2B-375D9ACA1F0B}.Release|Pocket PC 2003 (ARMV4).ActiveCfg = Release|Win32
		{00F3B508-F9A8-47DA-9A2B-375D9ACA1F0B}.Release|Win32.ActiveCfg = Release|Win32
		{00F3B508-F9A8-47DA-9A2B-375D9ACA1F0B}.Release|Win32.Build.0 = Release|Win32
		{00F3B508-F9A8-47DA-9A2B-375D9ACA1F0B}.Release|x64.ActiveCfg = Release|Win32
		{03AB2445-1468-4F52-8B33-F0CDE4D20D78}.Debug|Pocket PC 2003 (ARMV4).ActiveCfg = Debug|Win32
		{03AB2445-1468-4F52-8B33-F0CDE4D20D78}.Debug|Win32.ActiveCfg = Debug|Win32
		{03AB2445-1468-4F52-8B33-F0CDE4D20D78}.Debug|Win32.Build.0 = Debug|Win32
		{03AB2445-1468-4F52-8B33-F0CDE4D20D78}.Debug|x64.ActiveCfg = Debug|Win32
		{03AB2445-1468-4F52-8B33-F0CDE4D20D78}.Release|Pocket PC 2003 (ARMV4).ActiveCfg = Release|Win32
		{03AB2445-1468-4F52-8B33-F0CDE4D20D78}.Release|Win32.ActiveCfg = Release|Win32
		{03AB2445-1468-4F52-8B33-F0CDE4D20D78}.Release|Win32.Build.0 = Release|Win32
		{03AB2445-1468-4F52-8B33-F0CDE4D20D78}.Release|x64.ActiveCfg = Release|Win32
		{19D5E421-1870-4C5F-BBD1-2E68C0248AAE}.Debug|Pocket PC 2003 (ARMV4).ActiveCfg = Debug|Win32
		{19D5E421-1870-4C5F-BBD1-2E68C0248AAE}.Debug|Win32.ActiveCfg = Debug|Win32
		{19D5E421-1870-4C5F-BBD1-2E68C0248AAE}.Debug|Win32.Build.0 = Debug|Win32
		{19D5E421-1870-4C5F-BBD1-2E68C0248AAE}.Debug|x64.ActiveCfg = Debug|Win32
		{19D5E421-1870-4C5F-BBD1-2E68C0248AAE}.Release|Pocket PC 2003 (ARMV4).ActiveCfg = Release|Win32
		{19D5E421-1870-4C5F-BBD1-2E68C0248AAE}.Release|Win32.ActiveCfg = Release|Win32
		{19D5E421-1870-4C5F-BBD1-2E68C0248AAE}.Release|Win32.Build.0 = Release|Win32
		{19D5E421-1870-4C5F-BBD1-2E68C0248AAE}.Release|x64.ActiveCfg = Release|Win32
		{6E2278E6-9BDB-47D2-98C8-A640BFC7E8EA}.Debug|Pocket PC 2003 (ARMV4).ActiveCfg = Debug|Win32
		{6E2278E6-9BDB-47D2-98C8-A640BFC7E8EA}.Debug|Win32.ActiveCfg = Debug|Win32
		{6E2278E6-9BDB-47D2-98C8-A640BFC7E8EA}.Debug|Win32.Build.0 = Debug|Win32
		{6E2278E6-9BDB-47D2-98C8-A640BFC7E8EA}.Debug|x64.ActiveCfg = Debug|Win32
		{6E2278E6-9BDB-47D2-98C8-A640BFC7E8EA}.Release|Pocket PC 2003 (ARMV4).ActiveCfg = Release|Win32
		{6E2278E6-9BDB-47D2-98C8-A640BFC7E8EA}.Release|Win32.ActiveCfg = Release|Win32
		{6E2278E6-9BDB-47D2-98C8-A640BFC7E8EA}.Release|Win32.Build.0 = Release|Win32
		{6E2278E6-9BDB-47D2-98C8-A640BFC7E8EA}.Release|x64.ActiveCfg = Release|Win32
		{F1B471E0-BEA6-40B5-9414-2C9FA8756271}.Debug|Pocket PC 2003 (ARMV4).ActiveCfg = Debug|Win32
		{F1B471E0-BEA6-40B5-9414-2C9FA8756271}.Debug|Win32.ActiveCfg = Debug|Win32
		{F1B471E0-BEA6-40B5-9414-2C9FA8756271}.Debug|Win32.Build.0 = Debug|Win32
		{F1B471E0-BEA6-40B5-9414-2C9FA8756271}.Debug|x64.ActiveCfg = Debug|Win32
		{F1B471E0-BEA6-40B5-9414-2C9FA8756271}.Release|Pocket PC 2003 (ARMV4).ActiveCfg = Release|Win32
		{F1B471E0-BEA6-40B5-9414-2C9FA8756271}.Release|Win32.ActiveCfg = Release|Win32
		{F1B471E0-BEA6-40B5-9414-2C9FA8756271}.Release|Win32.Build.0 = Release|Win32
		{F1B471E0-BEA6-40B5-9414-2C9FA8756271}.Release|x64.ActiveCfg = Release|Win32
		{EC561354-1224-4742-AE42-38CA5AE42320}.Debug|Pocket PC 2003 (ARMV4).ActiveCfg = Debug|Win32
		{EC561354-1224-4742-AE42-38CA5AE42320}.Debug|Win32.ActiveCfg = Debug|Win32
		{EC561354-1224-4742-AE42-38CA5AE42320}.Debug|Win32.Build.0 = Debug|Win32
		{EC561354-1224-4742-AE42-38CA5AE42320}.Debug|x64.ActiveCfg = Debug|Win32
		{EC561354-1224-4742-AE42-38CA5AE42320}.Release|Pocket PC 2003 (ARMV4).ActiveCfg = Release|Win32
		{EC561354-1224-4742-AE42-38CA5AE42320}.Release|Win32.ActiveCfg = Release|Win32
		{EC561354-1224-4742-AE42-38CA5AE42320}.Release|Win32.Build.0 = Release|Win32
		{EC561354-1224-4742-AE42-38CA5AE42320}.Release|x64.ActiveCfg = Release|Win32
		{8D177966-EC73-4C0C-84C8-E409258F14F5}.Debug|Pocket PC 2003 (ARMV4).ActiveCfg = Debug|Win32
		{8D177966-EC73-4C0C-84C8-E409258F14F5}.Debug|Win32.ActiveCfg = Debug|Win32
		{8D177966-EC73-4C0C-84C8-E409258F14F5}.Debug|Win32.Build.0 = Debug|Win32
		{8D177966-EC73-4C0C-84C8-E409258F14F5}.Debug|x64.ActiveCfg = Debug|Win32
		{8D177966-EC73-4C0C-84C8-E409258F14F5}.Release|Pocket PC 2003 (ARMV4).ActiveCfg = Release|Win32
		{8D177966-EC73-4C0C-84C8-E409258F14F5}.Release|Pocket PC 2003 (ARMV4).Build.0 = Release|Win32
		{8D177966-EC73-4C0C-84C8-E409258F14F5}.Release|Pocket PC 2003 (ARMV4).Deploy.0 = Release|Win32
		{8D177966-EC73-4C0C-84C8-E409258F14F5}.Release|Win32.ActiveCfg = Release|Win32
		{8D177966-EC73-4C0C-84C8-E409258F14F5}.Release|Win32.Build.0 = Release|Win32
		{8D177966-EC73-4C0C-84C8-E409258F14F5}.Release|x64.ActiveCfg = Release|Win32
		{45ADC5D5-B7AC-43C5-A114-5DDACBB7EC08}.Debug|Pocket PC 2003 (ARMV4).ActiveCfg = Debug|Win32
		{45ADC5D5-B7AC-43C5-A114-5DDACBB7EC08}.Debug|Win32.ActiveCfg = Debug|Win32
		{45ADC5D5-B7AC-43C5-A114-5DDACBB7EC08}.Debug|Win32.Build.0 = Debug|Win32
		{45ADC5D5-B7AC-43C5-A114-5DDACBB7EC08}.Debug|x64.ActiveCfg = Debug|Win32
		{45ADC5D5-B7AC-43C5-A114-5DDACBB7EC08}.Release|Pocket PC 2003 (ARMV4).ActiveCfg = Release|Win32
		{45ADC5D5-B7AC-43C5-A114-5DDACBB7EC08}.Release|Win32.ActiveCfg = Release|Win32
		{45ADC5D5-B7AC-43C5-A114-5DDACBB7EC08}.Release|Win32.Build.0 = Release|Win32
		{45ADC5D5-B7AC-43C5-A114-5DDACBB7EC08}.Release|x64.ActiveCfg = Release|Win32
		{FB4E5563-29CD-4780-8518-68962D43EF33}.Debug|Pocket PC 2003 (ARMV4).ActiveCfg = Debug|Win32
		{FB4E5563-29CD-4780-8518-68962D43EF33}.Debug|Win32.ActiveCfg = Debug|Win32
		{FB4E5563-29CD-4780-8518-68962D43EF33}.Debug|Win32.Build.0 = Debug|Win32
		{FB4E5563-29CD-4780-8518-68962D43EF33}.Debug|x64.ActiveCfg = Debug|Win32
		{FB4E5563-29CD-4780-8518-68962D43EF33}.Release|Pocket PC 2003 (ARMV4).ActiveCfg = Release|Win32
		{FB4E5563-29CD-4780-8518-68962D43EF33}.Release|Win32.ActiveCfg = Release|Win32
		{FB4E5563-29CD-4780-8518-68962D43EF33}.Release|Win32.Build.0 = Release|Win32
		{FB4E5563-29CD-4780-8518-68962D43EF33}.Release|x64.ActiveCfg = Release|Win32
		{B0D7DD53-F02C-4270-A62A-62A5209B3B97}.Debug|Pocket PC 2003 (ARMV4).ActiveCfg = Debug|Win32
		{B0D7DD53-F02C-4270-A62A-62A5209B3B97}.Debug|Win32.ActiveCfg = Debug|Win32
		{B0D7DD53-F02C-4270-A62A-62A5209B3B97}.Debug|Win32.Build.0 = Debug|Win32
		{B0D7DD53-F02C-4270-A62A-62A5209B3B97}.Debug|x64.ActiveCfg = Debug|Win32
		{B0D7DD53-F02C-4270-A62A-62A5209B3B97}.Release|Pocket PC 2003 (ARMV4).ActiveCfg = Release|Win32
		{B0D7DD53-F02C-4270-A62A-62A5209B3B97}.Release|Win32.ActiveCfg = Release|Win32
		{B0D7DD53-F02C-4270-A62A-62A5209B3B97}.Release|Win32.Build.0 = Release|Win32
		{B0D7DD53-F02C-4270-A62A-62A5209B3B97}.Release|x64.ActiveCfg = Release|Win32
		{66B6CD60-FFAB-4E2B-97A9-16183748BF77}.Debug|Pocket PC 2003 (ARMV4).ActiveCfg = Debug|Win32
		{66B6CD60-FFAB-4E2B-97A9-16183748BF77}.Debug|Win32.ActiveCfg = Debug|Win32
		{66B6CD60-FFAB-4E2B-97A9-16183748BF77}.Debug|Win32.Build.0 = Debug|Win32
		{66B6CD60-FFAB-4E2B-97A9-16183748BF77}.Debug|x64.ActiveCfg = Debug|Win32
		{66B6CD60-FFAB-4E2B-97A9-16183748BF77}.Release|Pocket PC 2003 (ARMV4).ActiveCfg = Release|Win32
		{66B6CD60-FFAB-4E2B-97A9-16183748BF77}.Release|Win32.ActiveCfg = Release|Win32
		{66B6CD60-FFAB-4E2B-97A9-16183748BF77}.Release|Win32.Build.0 = Release|Win32
		{66B6CD60-FFAB-4E2B-97A9-16183748BF77}.Release|x64.ActiveCfg = Release|Win32
		{B987B948-559E-491D-ACCB-09C88820A675}.Debug|Pocket PC 2003 (ARMV4).ActiveCfg = Debug|Win32
		{B987B948-559E-491D-ACCB-09C88820A675}.Debug|Win32.ActiveCfg = Debug|Win32
		{B987B948-559E-491D-ACCB-09C88820A675}.Debug|Win32.Build.0 = Debug|Win32
		{B987B948-559E-491D-ACCB-09C88820A675}.Debug|x64.ActiveCfg = Debug|Win32
		{B987B948-559E-491D-ACCB-09C88820A675}.Release|Pocket PC 2003 (ARMV4).ActiveCfg = Release|Win32
		{B987B948-559E-491D-ACCB-09C88820A675}.Release|Win32.ActiveCfg = Release|Win32
		{B987B948-559E-491D-ACCB-09C88820A675}.Release|Win32.Build.0 = Release|Win32
		{B987B948-559E-491D-ACCB-09C88820A675}.Release|x64.ActiveCfg = Release|Win32
		{5F47538A-8631-4D82-82A8-5CEF9850AA24}.Debug|Pocket PC 2003 (ARMV4).ActiveCfg = Debug|Win32
		{5F47538A-8631-4D82-82A8-5CEF9850AA24}.Debug|Win32.ActiveCfg = Debug|Win32
		{5F47538A-8631-4D82-82A8-5CEF9850AA24}.Debug|Win32.Build.0 = Debug|Win32
		{5F47538A-8631-4D82-82A8-5CEF9850AA24}.Debug|x64.ActiveCfg = Debug|Win32
		{5F47538A-8631-4D82-82A8-5CEF9850AA24}.Release|Pocket PC 2003 (ARMV4).ActiveCfg = Release|Win32
		{5F47538A-8631-4D82-82A8-5CEF9850AA24}.Release|Win32.ActiveCfg = Release|Win32
		{5F47538A-8631-4D82-82A8-5CEF9850AA24}.Release|Win32.Build.0 = Release|Win32
		{5F47538A-8631-4D82-82A8-5CEF9850AA24}.Release|x64.ActiveCfg = Release|Win32
		{C5D64DE7-EFFE-4975-AB44-0BAD646E804D}.Debug|Pocket PC 2003 (ARMV4).ActiveCfg = Debug|Win32
		{C5D64DE7-EFFE-4975-AB44-0BAD646E804D}.Debug|Win32.ActiveCfg = Debug|Win32
		{C5D64DE7-EFFE-4975-AB44-0BAD646E804D}.Debug|Win32.Build.0 = Debug|Win32
		{C5D64DE7-EFFE-4975-AB44-0BAD646E804D}.Debug|x64.ActiveCfg = Debug|Win32
		{C5D64DE7-EFFE-4975-AB44-0BAD646E804D}.Release|Pocket PC 2003 (ARMV4).ActiveCfg = Release|Win32
		{C5D64DE7-EFFE-4975-AB44-0BAD646E804D}.Release|Win32.ActiveCfg = Release|Win32
		{C5D64DE7-EFFE-4975-AB44-0BAD646E804D}.Release|Win32.Build.0 = Release|Win32
		{C5D64DE7-EFFE-4975-AB44-0BAD646E804D}.Release|x64.ActiveCfg = Release|Win32
		{BF8D4426-38EE-4D2E-980A-A685595CF711}.Debug|Pocket PC 2003 (ARMV4).ActiveCfg = Debug|Win32
		{BF8D4426-38EE-4D2E-980A-A685595CF711}.Debug|Win32.ActiveCfg = Debug|Win32
		{BF8D4426-38EE-4D2E-980A-A685595CF711}.Debug|Win32.Build.0 = Debug|Win32
		{BF8D4426-38EE-4D2E-980A-A685595CF711}.Debug|x64.ActiveCfg = Debug|Win32
		{BF8D4426-38EE-4D2E-980A-A685595CF711}.Release|Pocket PC 2003 (ARMV4).ActiveCfg = Release|Win32
		{BF8D4426-38EE-4D2E-980A-A685595CF711}.Release|Win32.ActiveCfg = Release|Win32
		{BF8D4426-38EE-4D2E-980A-A685595CF711}.Release|Win32.Build.0 = Release|Win32
		{BF8D4426-38EE-4D2E-980A-A685595CF711}.Release|x64.ActiveCfg = Release|Win32
		{4BA3B749-2C6A-4B1F-ACCC-ED63D48E9F6E}.Debug|Pocket PC 2003 (ARMV4).ActiveCfg = Debug|Win32
		{4BA3B749-2C6A-4B1F-ACCC-ED63D48E9F6E}.Debug|Win32.ActiveCfg = Debug|Win32
		{4BA3B749-2C6A-4B1F-ACCC-ED63D48E9F6E}.Debug|Win32.Build.0 = Debug|Win32
		{4BA3B749-2C6A-4B1F-ACCC-ED63D48E9F6E}.Debug|x64.ActiveCfg = Debug|Win32
		{4BA3B749-2C6A-4B1F-ACCC-ED63D48E9F6E}.Release|Pocket PC 2003 (ARMV4).ActiveCfg = Release|Win32
		{4BA3B749-2C6A-4B1F-ACCC-ED63D48E9F6E}.Release|Win32.ActiveCfg = Release|Win32
		{4BA3B749-2C6A-4B1F-ACCC-ED63D48E9F6E}.Release|Win32.Build.0 = Release|Win32
		{4BA3B749-2C6A-4B1F-ACCC-ED63D48E9F6E}.Release|x64.ActiveCfg = Release|Win32
		{2F47C18D-C823-4826-A24A-13713543C659}.Debug|Pocket PC 2003 (ARMV4).ActiveCfg = Debug|Win32
		{2F47C18D-C823-4826-A24A-13713543C659}.Debug|Win32.ActiveCfg = Debug|Win32
		{2F47C18D-C823-4826-A24A-13713543C659}.Debug|Win32.Build.0 = Debug|Win32
		{2F47C18D-C823-4826-A24A-13713543C659}.Debug|x64.ActiveCfg = Debug|Win32
		{2F47C18D-C823-4826-A24A-13713543C659}.Release|Pocket PC 2003 (ARMV4).ActiveCfg = Release|Win32
		{2F47C18D-C823-4826-A24A-13713543C659}.Release|Win32.ActiveCfg = Release|Win32
		{2F47C18D-C823-4826-A24A-13713543C659}.Release|Win32.Build.0 = Release|Win32
		{2F47C18D-C823-4826-A24A-13713543C659}.Release|x64.ActiveCfg = Release|Win32
		{AF9FF148-E429-4B63-A790-6A07DD18ED07}.Debug|Pocket PC 2003 (ARMV4).ActiveCfg = Debug|Win32
		{AF9FF148-E429-4B63-A790-6A07DD18ED07}.Debug|Win32.ActiveCfg = Debug|Win32
		{AF9FF148-E429-4B63-A790-6A07DD18ED07}.Debug|Win32.Build.0 = Debug|Win32
		{AF9FF148-E429-4B63-A790-6A07DD18ED07}.Debug|x64.ActiveCfg = Debug|Win32
		{AF9FF148-E429-4B63-A790-6A07DD18ED07}.Release|Pocket PC 2003 (ARMV4).ActiveCfg = Release|Win32
		{AF9FF148-E429-4B63-A790-6A07DD18ED07}.Release|Win32.ActiveCfg = Release|Win32
		{AF9FF148-E429-4B63-A790-6A07DD18ED07}.Release|Win32.Build.0 = Release|Win32
		{AF9FF148-E429-4B63-A790-6A07DD18ED07}.Release|x64.ActiveCfg = Release|Win32
		{3796AC7D-88D2-4A23-A11A-F9AA5313434A}.Debug|Pocket PC 2003 (ARMV4).ActiveCfg = Debug|Win32
		{3796AC7D-88D2-4A23-A11A-F9AA5313434A}.Debug|Win32.ActiveCfg = Debug|Win32
		{3796AC7D-88D2-4A23-A11A-F9AA5313434A}.Debug|Win32.Build.0 = Debug|Win32
		{3796AC7D-88D2-4A23-A11A-F9AA5313434A}.Debug|x64.ActiveCfg = Debug|Win32
		{3796AC7D-88D2-4A23-A11A-F9AA5313434A}.Release|Pocket PC 2003 (ARMV4).ActiveCfg = Release|Win32
		{3796AC7D-88D2-4A23-A11A-F9AA5313434A}.Release|Win32.ActiveCfg = Release|Win32
		{3796AC7D-88D2-4A23-A11A-F9AA5313434A}.Release|Win32.Build.0 = Release|Win32
		{3796AC7D-88D2-4A23-A11A-F9AA5313434A}.Release|x64.ActiveCfg = Release|Win32
		{349068D7-C84B-4360-9A09-DB4E29BB989C}.Debug|Pocket PC 2003 (ARMV4).ActiveCfg = Debug|Win32
		{349068D7-C84B-4360-9A09-DB4E29BB989C}.Debug|Win32.ActiveCfg = Debug|Win32
		{349068D7-C84B-4360-9A09-DB4E29BB989C}.Debug|Win32.Build.0 = Debug|Win32
		{349068D7-C84B-4360-9A09-DB4E29BB989C}.Debug|x64.ActiveCfg = Debug|Win32
		{349068D7-C84B-4360-9A09-DB4E29BB989C}.Release|Pocket PC 2003 (ARMV4).ActiveCfg = Release|Win32
		{349068D7-C84B-4360-9A09-DB4E29BB989C}.Release|Win32.ActiveCfg = Release|Win32
		{349068D7-C84B-4360-9A09-DB4E29BB989C}.Release|Win32.Build.0 = Release|Win32
		{349068D7-C84B-4360-9A09-DB4E29BB989C}.Release|x64.ActiveCfg = Release|Win32
		{803D6361-401B-426F-B734-CE88E1075E79}.Debug|Pocket PC 2003 (ARMV4).ActiveCfg = Debug|Win32
		{803D6361-401B-426F-B734-CE88E1075E79}.Debug|Win32.ActiveCfg = Debug|Win32
		{803D6361-401B-426F-B734-CE88E1075E79}.Debug|Win32.Build.0 = Debug|Win32
		{803D6361-401B-426F-B734-CE88E1075E79}.Debug|x64.ActiveCfg = Debug|Win32
		{803D6361-401B-426F-B734-CE88E1075E79}.Release|Pocket PC 2003 (ARMV4).ActiveCfg = Release|Win32
		{803D6361-401B-426F-B734-CE88E1075E79}.Release|Win32.ActiveCfg = Release|Win32
		{803D6361-401B-426F-B734-CE88E1075E79}.Release|Win32.Build.0 = Release|Win32
		{803D6361-401B-426F-B734-CE88E1075E79}.Release|x64.ActiveCfg = Release|Win32
		{96F34596-EBBC-482C-9246-021BB0DEB86B}.Debug|Pocket PC 2003 (ARMV4).ActiveCfg = Debug|Win32
		{96F34596-EBBC-482C-9246-021BB0DEB86B}.Debug|Win32.ActiveCfg = Debug|Win32
		{96F34596-EBBC-482C-9246-021BB0DEB86B}.Debug|Win32.Build.0 = Debug|Win32
		{96F34596-EBBC-482C-9246-021BB0DEB86B}.Debug|x64.ActiveCfg = Debug|Win32
		{96F34596-EBBC-482C-9246-021BB0DEB86B}.Release|Pocket PC 2003 (ARMV4).ActiveCfg = Release|Win32
		{96F34596-EBBC-482C-9246-021BB0DEB86B}.Release|Win32.ActiveCfg = Release|Win32
		{96F34596-EBBC-482C-9246-021BB0DEB86B}.Release|Win32.Build.0 = Release|Win32
		{96F34596-EBBC-482C-9246-021BB0DEB86B}.Release|x64.ActiveCfg = Release|Win32
		{EF5A1647-D049-4B1D-B2E4-9D9AE2612680}.Debug|Pocket PC 2003 (ARMV4).ActiveCfg = Debug|Win32
		{EF5A1647-D049-4B1D-B2E4-9D9AE2612680}.Debug|Win32.ActiveCfg = Debug|Win32
		{EF5A1647-D049-4B1D-B2E4-9D9AE2612680}.Debug|Win32.Build.0 = Debug|Win32
		{EF5A1647-D049-4B1D-B2E4-9D9AE2612680}.Debug|x64.ActiveCfg = Debug|Win32
		{EF5A1647-D049-4B1D-B2E4-9D9AE2612680}.Release|Pocket PC 2003 (ARMV4).ActiveCfg = Release|Win32
		{EF5A1647-D049-4B1D-B2E4-9D9AE2612680}.Release|Win32.ActiveCfg = Release|Win32
		{EF5A1647-D049-4B1D-B2E4-9D9AE2612680}.Release|Win32.Build.0 = Release|Win32
		{EF5A1647-D049-4B1D-B2E4-9D9AE2612680}.Release|x64.ActiveCfg = Release|Win32
		{74A2D324-6A68-42C2-84AB-9802BCE995F1}.Debug|Pocket PC 2003 (ARMV4).ActiveCfg = Debug|Win32
		{74A2D324-6A68-42C2-84AB-9802BCE995F1}.Debug|Win32.ActiveCfg = Debug|Win32
		{74A2D324-6A68-42C2-84AB-9802BCE995F1}.Debug|Win32.Build.0 = Debug|Win32
		{74A2D324-6A68-42C2-84AB-9802BCE995F1}.Debug|x64.ActiveCfg = Debug|Win32
		{74A2D324-6A68-42C2-84AB-9802BCE995F1}.Release|Pocket PC 2003 (ARMV4).ActiveCfg = Release|Win32
		{74A2D324-6A68-42C2-84AB-9802BCE995F1}.Release|Win32.ActiveCfg = Release|Win32
		{74A2D324-6A68-42C2-84AB-9802BCE995F1}.Release|Win32.Build.0 = Release|Win32
		{74A2D324-6A68-42C2-84AB-9802BCE995F1}.Release|x64.ActiveCfg = Release|Win32
		{4546C276-AF57-4FCA-B266-FB00E0B4E978}.Debug|Pocket PC 2003 (ARMV4).ActiveCfg = Debug|Win32
		{4546C276-AF57-4FCA-B266-FB00E0B4E978}.Debug|Win32.ActiveCfg = Debug|Win32
		{4546C276-AF57-4FCA-B266-FB00E0B4E978}.Debug|Win32.Build.0 = Debug|Win32
		{4546C276-AF57-4FCA-B266-FB00E0B4E978}.Debug|x64.ActiveCfg = Debug|Win32
		{4546C276-AF57-4FCA-B266-FB00E0B4E978}.Release|Pocket PC 2003 (ARMV4).ActiveCfg = Release|Win32
		{4546C276-AF57-4FCA-B266-FB00E0B4E978}.Release|Win32.ActiveCfg = Release|Win32
		{4546C276-AF57-4FCA-B266-FB00E0B4E978}.Release|Win32.Build.0 = Release|Win32
		{4546C276-AF57-4FCA-B266-FB00E0B4E978}.Release|x64.ActiveCfg = Release|Win32
		{1B9A854C-74B7-42E1-B7E6-DF9EC761EA4C}.Debug|Pocket PC 2003 (ARMV4).ActiveCfg = Debug|Win32
		{1B9A854C-74B7-42E1-B7E6-DF9EC761EA4C}.Debug|Win32.ActiveCfg = Debug|Win32
		{1B9A854C-74B7-42E1-B7E6-DF9EC761EA4C}.Debug|Win32.Build.0 = Debug|Win32
		{1B9A854C-74B7-42E1-B7E6-DF9EC761EA4C}.Debug|x64.ActiveCfg = Debug|Win32
		{1B9A854C-74B7-42E1-B7E6-DF9EC761EA4C}.Release|Pocket PC 2003 (ARMV4).ActiveCfg = Release|Win32
		{1B9A854C-74B7-42E1-B7E6-DF9EC761EA4C}.Release|Win32.ActiveCfg = Release|Win32
		{1B9A854C-74B7-42E1-B7E6-DF9EC761EA4C}.Release|Win32.Build.0 = Release|Win32
		{1B9A854C-74B7-42E1-B7E6-DF9EC761EA4C}.Release|x64.ActiveCfg = Release|Win32
		{62B4AB03-1D4B-4286-A46A-B25FD33D1102}.Debug|Pocket PC 2003 (ARMV4).ActiveCfg = Debug|Win32
		{62B4AB03-1D4B-4286-A46A-B25FD33D1102}.Debug|Win32.ActiveCfg = Debug|Win32
		{62B4AB03-1D4B-4286-A46A-B25FD33D1102}.Debug|Win32.Build.0 = Debug|Win32
		{62B4AB03-1D4B-4286-A46A-B25FD33D1102}.Debug|x64.ActiveCfg = Debug|Win32
		{62B4AB03-1D4B-4286-A46A-B25FD33D1102}.Release|Pocket PC 2003 (ARMV4).ActiveCfg = Release|Win32
		{62B4AB03-1D4B-4286-A46A-B25FD33D1102}.Release|Win32.ActiveCfg = Release|Win32
		{62B4AB03-1D4B-4286-A46A-B25FD33D1102}.Release|Win32.Build.0 = Release|Win32
		{62B4AB03-1D4B-4286-A46A-B25FD33D1102}.Release|x64.ActiveCfg = Release|Win32
	EndGlobalSection
	GlobalSection(SolutionProperties) = preSolution
		HideSolutionNode = FALSE
	EndGlobalSection
EndGlobal
